
Microsoft Visual Studio Solution File, Format Version 12.00
# Visual Studio 14
VisualStudioVersion = 14.0.25420.1
MinimumVisualStudioVersion = 10.0.40219.1
Project("{FAE04EC0-301F-11D3-BF4B-00C04F79EFBC}") = "BaiTap", "BaiTap\BaiTap.csproj", "{1CE245FC-BFA0-42A4-9A54-7FCF47A00C69}"
EndProject
Project("{FAE04EC0-301F-11D3-BF4B-00C04F79EFBC}") = "Bai2", "Bai2\Bai2.csproj", "{8BC589C9-DD7C-460D-B6D5-E95E6386653C}"
EndProject
Project("{FAE04EC0-301F-11D3-BF4B-00C04F79EFBC}") = "Bai3", "Bai3\Bai3.csproj", "{4688C9F8-4B83-4075-BD29-281BADE92A95}"
EndProject
Project("{FAE04EC0-301F-11D3-BF4B-00C04F79EFBC}") = "Bai4", "Bai4\Bai4.csproj", "{60305259-04A5-4471-A859-0ADB4792FDFD}"
EndProject
Project("{FAE04EC0-301F-11D3-BF4B-00C04F79EFBC}") = "Bai5", "Bai5\Bai5.csproj", "{9FDEB6FB-072B-4384-B8E3-78C5265D9A03}"
EndProject
Project("{FAE04EC0-301F-11D3-BF4B-00C04F79EFBC}") = "Bai6", "Bai6\Bai6.csproj", "{14EC89C6-469E-4FCB-8DB4-C729523C7C31}"
EndProject
Project("{FAE04EC0-301F-11D3-BF4B-00C04F79EFBC}") = "Bai7", "Bai7\Bai7.csproj", "{503D3001-0005-4577-BD3F-33718110F79F}"
EndProject
Project("{FAE04EC0-301F-11D3-BF4B-00C04F79EFBC}") = "Bai8", "Bai8\Bai8.csproj", "{9FFA5E7E-7744-4D5E-8A1D-7B6BF1A744D2}"
EndProject
Project("{FAE04EC0-301F-11D3-BF4B-00C04F79EFBC}") = "Bai9", "Bai9\Bai9.csproj", "{F9B50C1A-4445-45D2-BDFB-6E50C8143AF7}"
EndProject
Project("{FAE04EC0-301F-11D3-BF4B-00C04F79EFBC}") = "Bai10", "Bai10\Bai10.csproj", "{438832F0-BAA7-41DF-B938-38F00C6678BF}"
EndProject
Project("{FAE04EC0-301F-11D3-BF4B-00C04F79EFBC}") = "Bai11", "Bai11\Bai11.csproj", "{DBCBA8C6-2088-441E-A75B-49E5C0BE1CAD}"
EndProject
Global
	GlobalSection(SolutionConfigurationPlatforms) = preSolution
		Debug|Any CPU = Debug|Any CPU
		Release|Any CPU = Release|Any CPU
	EndGlobalSection
	GlobalSection(ProjectConfigurationPlatforms) = postSolution
		{1CE245FC-BFA0-42A4-9A54-7FCF47A00C69}.Debug|Any CPU.ActiveCfg = Debug|Any CPU
		{1CE245FC-BFA0-42A4-9A54-7FCF47A00C69}.Debug|Any CPU.Build.0 = Debug|Any CPU
		{1CE245FC-BFA0-42A4-9A54-7FCF47A00C69}.Release|Any CPU.ActiveCfg = Release|Any CPU
		{1CE245FC-BFA0-42A4-9A54-7FCF47A00C69}.Release|Any CPU.Build.0 = Release|Any CPU
		{8BC589C9-DD7C-460D-B6D5-E95E6386653C}.Debug|Any CPU.ActiveCfg = Debug|Any CPU
		{8BC589C9-DD7C-460D-B6D5-E95E6386653C}.Debug|Any CPU.Build.0 = Debug|Any CPU
		{8BC589C9-DD7C-460D-B6D5-E95E6386653C}.Release|Any CPU.ActiveCfg = Release|Any CPU
		{8BC589C9-DD7C-460D-B6D5-E95E6386653C}.Release|Any CPU.Build.0 = Release|Any CPU
		{4688C9F8-4B83-4075-BD29-281BADE92A95}.Debug|Any CPU.ActiveCfg = Debug|Any CPU
		{4688C9F8-4B83-4075-BD29-281BADE92A95}.Debug|Any CPU.Build.0 = Debug|Any CPU
		{4688C9F8-4B83-4075-BD29-281BADE92A95}.Release|Any CPU.ActiveCfg = Release|Any CPU
		{4688C9F8-4B83-4075-BD29-281BADE92A95}.Release|Any CPU.Build.0 = Release|Any CPU
		{60305259-04A5-4471-A859-0ADB4792FDFD}.Debug|Any CPU.ActiveCfg = Debug|Any CPU
		{60305259-04A5-4471-A859-0ADB4792FDFD}.Debug|Any CPU.Build.0 = Debug|Any CPU
		{60305259-04A5-4471-A859-0ADB4792FDFD}.Release|Any CPU.ActiveCfg = Release|Any CPU
		{60305259-04A5-4471-A859-0ADB4792FDFD}.Release|Any CPU.Build.0 = Release|Any CPU
		{9FDEB6FB-072B-4384-B8E3-78C5265D9A03}.Debug|Any CPU.ActiveCfg = Debug|Any CPU
		{9FDEB6FB-072B-4384-B8E3-78C5265D9A03}.Debug|Any CPU.Build.0 = Debug|Any CPU
		{9FDEB6FB-072B-4384-B8E3-78C5265D9A03}.Release|Any CPU.ActiveCfg = Release|Any CPU
		{9FDEB6FB-072B-4384-B8E3-78C5265D9A03}.Release|Any CPU.Build.0 = Release|Any CPU
		{14EC89C6-469E-4FCB-8DB4-C729523C7C31}.Debug|Any CPU.ActiveCfg = Debug|Any CPU
		{14EC89C6-469E-4FCB-8DB4-C729523C7C31}.Debug|Any CPU.Build.0 = Debug|Any CPU
		{14EC89C6-469E-4FCB-8DB4-C729523C7C31}.Release|Any CPU.ActiveCfg = Release|Any CPU
		{14EC89C6-469E-4FCB-8DB4-C729523C7C31}.Release|Any CPU.Build.0 = Release|Any CPU
		{503D3001-0005-4577-BD3F-33718110F79F}.Debug|Any CPU.ActiveCfg = Debug|Any CPU
		{503D3001-0005-4577-BD3F-33718110F79F}.Debug|Any CPU.Build.0 = Debug|Any CPU
		{503D3001-0005-4577-BD3F-33718110F79F}.Release|Any CPU.ActiveCfg = Release|Any CPU
		{503D3001-0005-4577-BD3F-33718110F79F}.Release|Any CPU.Build.0 = Release|Any CPU
		{9FFA5E7E-7744-4D5E-8A1D-7B6BF1A744D2}.Debug|Any CPU.ActiveCfg = Debug|Any CPU
		{9FFA5E7E-7744-4D5E-8A1D-7B6BF1A744D2}.Debug|Any CPU.Build.0 = Debug|Any CPU
		{9FFA5E7E-7744-4D5E-8A1D-7B6BF1A744D2}.Release|Any CPU.ActiveCfg = Release|Any CPU
		{9FFA5E7E-7744-4D5E-8A1D-7B6BF1A744D2}.Release|Any CPU.Build.0 = Release|Any CPU
		{F9B50C1A-4445-45D2-BDFB-6E50C8143AF7}.Debug|Any CPU.ActiveCfg = Debug|Any CPU
		{F9B50C1A-4445-45D2-BDFB-6E50C8143AF7}.Debug|Any CPU.Build.0 = Debug|Any CPU
		{F9B50C1A-4445-45D2-BDFB-6E50C8143AF7}.Release|Any CPU.ActiveCfg = Release|Any CPU
		{F9B50C1A-4445-45D2-BDFB-6E50C8143AF7}.Release|Any CPU.Build.0 = Release|Any CPU
		{438832F0-BAA7-41DF-B938-38F00C6678BF}.Debug|Any CPU.ActiveCfg = Debug|Any CPU
		{438832F0-BAA7-41DF-B938-38F00C6678BF}.Debug|Any CPU.Build.0 = Debug|Any CPU
		{438832F0-BAA7-41DF-B938-38F00C6678BF}.Release|Any CPU.ActiveCfg = Release|Any CPU
		{438832F0-BAA7-41DF-B938-38F00C6678BF}.Release|Any CPU.Build.0 = Release|Any CPU
		{DBCBA8C6-2088-441E-A75B-49E5C0BE1CAD}.Debug|Any CPU.ActiveCfg = Debug|Any CPU
		{DBCBA8C6-2088-441E-A75B-49E5C0BE1CAD}.Debug|Any CPU.Build.0 = Debug|Any CPU
		{DBCBA8C6-2088-441E-A75B-49E5C0BE1CAD}.Release|Any CPU.ActiveCfg = Release|Any CPU
		{DBCBA8C6-2088-441E-A75B-49E5C0BE1CAD}.Release|Any CPU.Build.0 = Release|Any CPU
	EndGlobalSection
	GlobalSection(SolutionProperties) = preSolution
		HideSolutionNode = FALSE
	EndGlobalSection
EndGlobal
